
Microsoft Visual Studio Solution File, Format Version 12.00
# Visual Studio Version 16
VisualStudioVersion = 16.0.31129.286
MinimumVisualStudioVersion = 10.0.40219.1
Project("{FAE04EC0-301F-11D3-BF4B-00C04F79EFBC}") = "TP4", "TP4\TP4.csproj", "{C9840DBA-F04A-4B26-B0CA-560F5360514E}"
EndProject
Global
	GlobalSection(SolutionConfigurationPlatforms) = preSolution
		Debug|Any CPU = Debug|Any CPU
		Release|Any CPU = Release|Any CPU
	EndGlobalSection
	GlobalSection(ProjectConfigurationPlatforms) = postSolution
		{C9840DBA-F04A-4B26-B0CA-560F5360514E}.Debug|Any CPU.ActiveCfg = Debug|Any CPU
		{C9840DBA-F04A-4B26-B0CA-560F5360514E}.Debug|Any CPU.Build.0 = Debug|Any CPU
		{C9840DBA-F04A-4B26-B0CA-560F5360514E}.Release|Any CPU.ActiveCfg = Release|Any CPU
		{C9840DBA-F04A-4B26-B0CA-560F5360514E}.Release|Any CPU.Build.0 = Release|Any CPU
	EndGlobalSection
	GlobalSection(SolutionProperties) = preSolution
		HideSolutionNode = FALSE
	EndGlobalSection
	GlobalSection(ExtensibilityGlobals) = postSolution
		SolutionGuid = {A33C42C9-7E27-4768-B5C0-E41E26DFBC59}
	EndGlobalSection
EndGlobal
